{
  "originHash" : "5dfd9135cff7af621abefde98374fe71e2b49479d299a3b5d90995742d5e2164",
  "pins" : [
    {
      "identity" : "colorgrid",
      "kind" : "remoteSourceControl",
      "location" : "https://github.com/BaherTamer/ColorGrid",
      "state" : {
        "branch" : "main",
        "revision" : "bfd627de2c8a8f434dfa68ea3ba1bc6d4f04016b"
      }
    }
  ],
  "version" : 3
}
