{
  "originHash" : "1dba0454f6b70d9dbc03e274b5e9a13a9dcea36aba0b2f472f9d23e2b7b8493e",
  "pins" : [
    {
      "identity" : "colorgrid",
      "kind" : "remoteSourceControl",
      "location" : "https://github.com/BaherTamer/ColorGrid",
      "state" : {
        "branch" : "main",
        "revision" : "bfd627de2c8a8f434dfa68ea3ba1bc6d4f04016b"
      }
    },
    {
      "identity" : "userdefaultsstore",
      "kind" : "remoteSourceControl",
      "location" : "https://github.com/omaralbeik/UserDefaultsStore.git",
      "state" : {
        "revision" : "1dce0598eea0f37430534dc6ac3a0e7c63482efc",
        "version" : "3.0.0"
      }
    }
  ],
  "version" : 3
}
